
Microsoft Visual Studio Solution File, Format Version 12.00
# Visual Studio Version 17
VisualStudioVersion = 17.1.32210.238
MinimumVisualStudioVersion = 10.0.40219.1
Project("{9A19103F-16F7-4668-BE54-9A1E7A4F7556}") = "FineManagement.Api", "FineManagement.Api\FineManagement.Api.csproj", "{0CD3D7EC-3C33-446A-8A24-2B3A183606A3}"
EndProject
Project("{9A19103F-16F7-4668-BE54-9A1E7A4F7556}") = "FineManagement.Core", "FineManagement.Core\FineManagement.Core.csproj", "{51B4A272-0629-4ADC-9BCD-ECCBCED321B0}"
EndProject
Project("{9A19103F-16F7-4668-BE54-9A1E7A4F7556}") = "FineManagement.Dependency", "FineManagement.Dependency\FineManagement.Dependency.csproj", "{58867053-CF84-44E3-9914-CDE609799EC7}"
EndProject
Project("{FAE04EC0-301F-11D3-BF4B-00C04F79EFBC}") = "FineManagement.Application", "FineManagement.Application\FineManagement.Application.csproj", "{7DB39B12-E162-4B12-BDAB-D0028A471C08}"
EndProject
Project("{FAE04EC0-301F-11D3-BF4B-00C04F79EFBC}") = "FineManagement.Infrastructure", "FineManagement.Infrastructure\FineManagement.Infrastructure.csproj", "{C445AD1D-D415-4AA3-9F9C-120C41FBA234}"
EndProject
Global
	GlobalSection(SolutionConfigurationPlatforms) = preSolution
		Debug|Any CPU = Debug|Any CPU
		Release|Any CPU = Release|Any CPU
	EndGlobalSection
	GlobalSection(ProjectConfigurationPlatforms) = postSolution
		{0CD3D7EC-3C33-446A-8A24-2B3A183606A3}.Debug|Any CPU.ActiveCfg = Debug|Any CPU
		{0CD3D7EC-3C33-446A-8A24-2B3A183606A3}.Debug|Any CPU.Build.0 = Debug|Any CPU
		{0CD3D7EC-3C33-446A-8A24-2B3A183606A3}.Release|Any CPU.ActiveCfg = Release|Any CPU
		{0CD3D7EC-3C33-446A-8A24-2B3A183606A3}.Release|Any CPU.Build.0 = Release|Any CPU
		{51B4A272-0629-4ADC-9BCD-ECCBCED321B0}.Debug|Any CPU.ActiveCfg = Debug|Any CPU
		{51B4A272-0629-4ADC-9BCD-ECCBCED321B0}.Debug|Any CPU.Build.0 = Debug|Any CPU
		{51B4A272-0629-4ADC-9BCD-ECCBCED321B0}.Release|Any CPU.ActiveCfg = Release|Any CPU
		{51B4A272-0629-4ADC-9BCD-ECCBCED321B0}.Release|Any CPU.Build.0 = Release|Any CPU
		{58867053-CF84-44E3-9914-CDE609799EC7}.Debug|Any CPU.ActiveCfg = Debug|Any CPU
		{58867053-CF84-44E3-9914-CDE609799EC7}.Debug|Any CPU.Build.0 = Debug|Any CPU
		{58867053-CF84-44E3-9914-CDE609799EC7}.Release|Any CPU.ActiveCfg = Release|Any CPU
		{58867053-CF84-44E3-9914-CDE609799EC7}.Release|Any CPU.Build.0 = Release|Any CPU
		{7DB39B12-E162-4B12-BDAB-D0028A471C08}.Debug|Any CPU.ActiveCfg = Debug|Any CPU
		{7DB39B12-E162-4B12-BDAB-D0028A471C08}.Debug|Any CPU.Build.0 = Debug|Any CPU
		{7DB39B12-E162-4B12-BDAB-D0028A471C08}.Release|Any CPU.ActiveCfg = Release|Any CPU
		{7DB39B12-E162-4B12-BDAB-D0028A471C08}.Release|Any CPU.Build.0 = Release|Any CPU
		{C445AD1D-D415-4AA3-9F9C-120C41FBA234}.Debug|Any CPU.ActiveCfg = Debug|Any CPU
		{C445AD1D-D415-4AA3-9F9C-120C41FBA234}.Debug|Any CPU.Build.0 = Debug|Any CPU
		{C445AD1D-D415-4AA3-9F9C-120C41FBA234}.Release|Any CPU.ActiveCfg = Release|Any CPU
		{C445AD1D-D415-4AA3-9F9C-120C41FBA234}.Release|Any CPU.Build.0 = Release|Any CPU
	EndGlobalSection
	GlobalSection(SolutionProperties) = preSolution
		HideSolutionNode = FALSE
	EndGlobalSection
	GlobalSection(ExtensibilityGlobals) = postSolution
		SolutionGuid = {7AFD226A-4AAE-41A7-9C46-20708A484A54}
	EndGlobalSection
EndGlobal
